
Microsoft Visual Studio Solution File, Format Version 12.00
# Visual Studio Version 16
VisualStudioVersion = 16.0.31019.194
MinimumVisualStudioVersion = 10.0.40219.1
Project("{9A19103F-16F7-4668-BE54-9A1E7A4F7556}") = "CosmosMongoConsoleApp", "CosmosMongoConsoleApp.csproj", "{6D5F9F40-1774-4D4A-B77B-9923A09CD8D5}"
EndProject
Global
	GlobalSection(SolutionConfigurationPlatforms) = preSolution
		Debug|Any CPU = Debug|Any CPU
		Release|Any CPU = Release|Any CPU
	EndGlobalSection
	GlobalSection(ProjectConfigurationPlatforms) = postSolution
		{6D5F9F40-1774-4D4A-B77B-9923A09CD8D5}.Debug|Any CPU.ActiveCfg = Debug|Any CPU
		{6D5F9F40-1774-4D4A-B77B-9923A09CD8D5}.Debug|Any CPU.Build.0 = Debug|Any CPU
		{6D5F9F40-1774-4D4A-B77B-9923A09CD8D5}.Release|Any CPU.ActiveCfg = Release|Any CPU
		{6D5F9F40-1774-4D4A-B77B-9923A09CD8D5}.Release|Any CPU.Build.0 = Release|Any CPU
	EndGlobalSection
	GlobalSection(SolutionProperties) = preSolution
		HideSolutionNode = FALSE
	EndGlobalSection
	GlobalSection(ExtensibilityGlobals) = postSolution
		SolutionGuid = {66E58BFB-67C6-4959-96FE-30D4E6FD9A48}
	EndGlobalSection
EndGlobal
